
Microsoft Visual Studio Solution File, Format Version 12.00
# Visual Studio Version 16
VisualStudioVersion = 16.0.31613.86
MinimumVisualStudioVersion = 10.0.40219.1
Project("{FAE04EC0-301F-11D3-BF4B-00C04F79EFBC}") = "Paub2022 Vjezba", "Paub2022 Vjezba\Paub2022 Vjezba.csproj", "{4507F9DA-68F6-4FBB-9852-2CF3C5D59316}"
EndProject
Global
	GlobalSection(SolutionConfigurationPlatforms) = preSolution
		Debug|Any CPU = Debug|Any CPU
		Release|Any CPU = Release|Any CPU
	EndGlobalSection
	GlobalSection(ProjectConfigurationPlatforms) = postSolution
		{4507F9DA-68F6-4FBB-9852-2CF3C5D59316}.Debug|Any CPU.ActiveCfg = Debug|Any CPU
		{4507F9DA-68F6-4FBB-9852-2CF3C5D59316}.Debug|Any CPU.Build.0 = Debug|Any CPU
		{4507F9DA-68F6-4FBB-9852-2CF3C5D59316}.Release|Any CPU.ActiveCfg = Release|Any CPU
		{4507F9DA-68F6-4FBB-9852-2CF3C5D59316}.Release|Any CPU.Build.0 = Release|Any CPU
	EndGlobalSection
	GlobalSection(SolutionProperties) = preSolution
		HideSolutionNode = FALSE
	EndGlobalSection
	GlobalSection(ExtensibilityGlobals) = postSolution
		SolutionGuid = {A4504B2E-274E-44DA-A516-C2DE8B312A0A}
	EndGlobalSection
EndGlobal
